
Microsoft Visual Studio Solution File, Format Version 12.00
# Visual Studio 15
VisualStudioVersion = 15.0.28307.1401
MinimumVisualStudioVersion = 10.0.40219.1
Project("{FAE04EC0-301F-11D3-BF4B-00C04F79EFBC}") = "UniversalSpammer", "UniversalSpammer\UniversalSpammer.csproj", "{5D05262D-8B0E-4C43-9A86-7732EE386F9F}"
EndProject
Global
	GlobalSection(SolutionConfigurationPlatforms) = preSolution
		Debug|Any CPU = Debug|Any CPU
		Release|Any CPU = Release|Any CPU
	EndGlobalSection
	GlobalSection(ProjectConfigurationPlatforms) = postSolution
		{5D05262D-8B0E-4C43-9A86-7732EE386F9F}.Debug|Any CPU.ActiveCfg = Debug|Any CPU
		{5D05262D-8B0E-4C43-9A86-7732EE386F9F}.Debug|Any CPU.Build.0 = Debug|Any CPU
		{5D05262D-8B0E-4C43-9A86-7732EE386F9F}.Release|Any CPU.ActiveCfg = Release|Any CPU
		{5D05262D-8B0E-4C43-9A86-7732EE386F9F}.Release|Any CPU.Build.0 = Release|Any CPU
	EndGlobalSection
	GlobalSection(SolutionProperties) = preSolution
		HideSolutionNode = FALSE
	EndGlobalSection
	GlobalSection(ExtensibilityGlobals) = postSolution
		SolutionGuid = {43276D20-924A-473D-8307-2672D5270609}
	EndGlobalSection
EndGlobal
